
Microsoft Visual Studio Solution File, Format Version 12.00
# Visual Studio Version 16
VisualStudioVersion = 16.0.31410.357
MinimumVisualStudioVersion = 10.0.40219.1
Project("{2150E333-8FDC-42A3-9474-1A3956D46DE8}") = "DAL", "DAL", "{CF3C97ED-F740-42AE-ACDE-88ED9E8D93CB}"
EndProject
Project("{2150E333-8FDC-42A3-9474-1A3956D46DE8}") = "BLL", "BLL", "{99839D53-2D8C-4F3C-AE76-5AFDDFBEA50C}"
EndProject
Project("{2150E333-8FDC-42A3-9474-1A3956D46DE8}") = "PL", "PL", "{FD452B8F-AAC7-4CF9-818D-F61CFB910BA7}"
EndProject
Project("{2150E333-8FDC-42A3-9474-1A3956D46DE8}") = "COMMON", "COMMON", "{2ED2B47C-BF55-4F55-A6B6-BAD1F541891C}"
EndProject
Project("{FAE04EC0-301F-11D3-BF4B-00C04F79EFBC}") = "PI.TestCase.DAL.Entities", "PI.TestCase.DAL.Entities\PI.TestCase.DAL.Entities.csproj", "{AEAB7FE3-2127-40EF-963F-2D5794C1D85E}"
EndProject
Project("{2150E333-8FDC-42A3-9474-1A3956D46DE8}") = "EF", "EF", "{F0529B03-1FAB-441B-8668-F53BC1900577}"
EndProject
Project("{FAE04EC0-301F-11D3-BF4B-00C04F79EFBC}") = "PI.TestCase.DAL.Impl", "PI.TestCase.DAL.Impl\PI.TestCase.DAL.Impl.csproj", "{26F95720-20F5-433E-A29F-0641C679CE32}"
EndProject
Project("{FAE04EC0-301F-11D3-BF4B-00C04F79EFBC}") = "PI.TestCase.DAL.Interface", "PI.TestCase.DAL.Interface\PI.TestCase.DAL.Interface.csproj", "{7C58A2E0-5F34-4A31-A98B-E0EE6249E9AC}"
EndProject
Project("{FAE04EC0-301F-11D3-BF4B-00C04F79EFBC}") = "PI.TestCase.BLL.Impl", "PI.TestCase.BLL.Impl\PI.TestCase.BLL.Impl.csproj", "{3D343B6A-E771-42A9-B77D-ED5ECEB62B63}"
EndProject
Project("{FAE04EC0-301F-11D3-BF4B-00C04F79EFBC}") = "PI.TestCase.BLL.Interface", "PI.TestCase.BLL.Interface\PI.TestCase.BLL.Interface.csproj", "{D3CBD849-F3C9-4E63-964A-2792743F92F9}"
EndProject
Project("{FAE04EC0-301F-11D3-BF4B-00C04F79EFBC}") = "PI.TestCase.Exceptions", "PI.TestCase.Exceptions\PI.TestCase.Exceptions.csproj", "{41988B9F-562E-49DD-AF5D-AFB0516752F6}"
EndProject
Project("{FAE04EC0-301F-11D3-BF4B-00C04F79EFBC}") = "PI.TestCase.IoC", "PI.TestCase.IoC\PI.TestCase.IoC.csproj", "{475480A6-2D33-42C3-A160-790DBE5C430B}"
EndProject
Global
	GlobalSection(SolutionConfigurationPlatforms) = preSolution
		Debug|Any CPU = Debug|Any CPU
		Release|Any CPU = Release|Any CPU
	EndGlobalSection
	GlobalSection(ProjectConfigurationPlatforms) = postSolution
		{AEAB7FE3-2127-40EF-963F-2D5794C1D85E}.Debug|Any CPU.ActiveCfg = Debug|Any CPU
		{AEAB7FE3-2127-40EF-963F-2D5794C1D85E}.Debug|Any CPU.Build.0 = Debug|Any CPU
		{AEAB7FE3-2127-40EF-963F-2D5794C1D85E}.Release|Any CPU.ActiveCfg = Release|Any CPU
		{AEAB7FE3-2127-40EF-963F-2D5794C1D85E}.Release|Any CPU.Build.0 = Release|Any CPU
		{26F95720-20F5-433E-A29F-0641C679CE32}.Debug|Any CPU.ActiveCfg = Debug|Any CPU
		{26F95720-20F5-433E-A29F-0641C679CE32}.Debug|Any CPU.Build.0 = Debug|Any CPU
		{26F95720-20F5-433E-A29F-0641C679CE32}.Release|Any CPU.ActiveCfg = Release|Any CPU
		{26F95720-20F5-433E-A29F-0641C679CE32}.Release|Any CPU.Build.0 = Release|Any CPU
		{7C58A2E0-5F34-4A31-A98B-E0EE6249E9AC}.Debug|Any CPU.ActiveCfg = Debug|Any CPU
		{7C58A2E0-5F34-4A31-A98B-E0EE6249E9AC}.Debug|Any CPU.Build.0 = Debug|Any CPU
		{7C58A2E0-5F34-4A31-A98B-E0EE6249E9AC}.Release|Any CPU.ActiveCfg = Release|Any CPU
		{7C58A2E0-5F34-4A31-A98B-E0EE6249E9AC}.Release|Any CPU.Build.0 = Release|Any CPU
		{3D343B6A-E771-42A9-B77D-ED5ECEB62B63}.Debug|Any CPU.ActiveCfg = Debug|Any CPU
		{3D343B6A-E771-42A9-B77D-ED5ECEB62B63}.Debug|Any CPU.Build.0 = Debug|Any CPU
		{3D343B6A-E771-42A9-B77D-ED5ECEB62B63}.Release|Any CPU.ActiveCfg = Release|Any CPU
		{3D343B6A-E771-42A9-B77D-ED5ECEB62B63}.Release|Any CPU.Build.0 = Release|Any CPU
		{D3CBD849-F3C9-4E63-964A-2792743F92F9}.Debug|Any CPU.ActiveCfg = Debug|Any CPU
		{D3CBD849-F3C9-4E63-964A-2792743F92F9}.Debug|Any CPU.Build.0 = Debug|Any CPU
		{D3CBD849-F3C9-4E63-964A-2792743F92F9}.Release|Any CPU.ActiveCfg = Release|Any CPU
		{D3CBD849-F3C9-4E63-964A-2792743F92F9}.Release|Any CPU.Build.0 = Release|Any CPU
		{41988B9F-562E-49DD-AF5D-AFB0516752F6}.Debug|Any CPU.ActiveCfg = Debug|Any CPU
		{41988B9F-562E-49DD-AF5D-AFB0516752F6}.Debug|Any CPU.Build.0 = Debug|Any CPU
		{41988B9F-562E-49DD-AF5D-AFB0516752F6}.Release|Any CPU.ActiveCfg = Release|Any CPU
		{41988B9F-562E-49DD-AF5D-AFB0516752F6}.Release|Any CPU.Build.0 = Release|Any CPU
		{475480A6-2D33-42C3-A160-790DBE5C430B}.Debug|Any CPU.ActiveCfg = Debug|Any CPU
		{475480A6-2D33-42C3-A160-790DBE5C430B}.Debug|Any CPU.Build.0 = Debug|Any CPU
		{475480A6-2D33-42C3-A160-790DBE5C430B}.Release|Any CPU.ActiveCfg = Release|Any CPU
		{475480A6-2D33-42C3-A160-790DBE5C430B}.Release|Any CPU.Build.0 = Release|Any CPU
	EndGlobalSection
	GlobalSection(SolutionProperties) = preSolution
		HideSolutionNode = FALSE
	EndGlobalSection
	GlobalSection(NestedProjects) = preSolution
		{AEAB7FE3-2127-40EF-963F-2D5794C1D85E} = {CF3C97ED-F740-42AE-ACDE-88ED9E8D93CB}
		{F0529B03-1FAB-441B-8668-F53BC1900577} = {CF3C97ED-F740-42AE-ACDE-88ED9E8D93CB}
		{26F95720-20F5-433E-A29F-0641C679CE32} = {CF3C97ED-F740-42AE-ACDE-88ED9E8D93CB}
		{7C58A2E0-5F34-4A31-A98B-E0EE6249E9AC} = {CF3C97ED-F740-42AE-ACDE-88ED9E8D93CB}
		{3D343B6A-E771-42A9-B77D-ED5ECEB62B63} = {99839D53-2D8C-4F3C-AE76-5AFDDFBEA50C}
		{D3CBD849-F3C9-4E63-964A-2792743F92F9} = {99839D53-2D8C-4F3C-AE76-5AFDDFBEA50C}
		{41988B9F-562E-49DD-AF5D-AFB0516752F6} = {2ED2B47C-BF55-4F55-A6B6-BAD1F541891C}
		{475480A6-2D33-42C3-A160-790DBE5C430B} = {2ED2B47C-BF55-4F55-A6B6-BAD1F541891C}
	EndGlobalSection
	GlobalSection(ExtensibilityGlobals) = postSolution
		SolutionGuid = {1491AD93-B93E-4950-8146-1A7F2B189551}
	EndGlobalSection
EndGlobal
